
Microsoft Visual Studio Solution File, Format Version 12.00
# Visual Studio Version 17
VisualStudioVersion = 17.7.34202.233
MinimumVisualStudioVersion = 10.0.40219.1
Project("{FAE04EC0-301F-11D3-BF4B-00C04F79EFBC}") = "xadrez-console", "xadrez-console\xadrez-console.csproj", "{A013E53D-2904-4B2D-8530-3D772C6827DF}"
EndProject
Global
	GlobalSection(SolutionConfigurationPlatforms) = preSolution
		Debug|Any CPU = Debug|Any CPU
		Release|Any CPU = Release|Any CPU
	EndGlobalSection
	GlobalSection(ProjectConfigurationPlatforms) = postSolution
		{A013E53D-2904-4B2D-8530-3D772C6827DF}.Debug|Any CPU.ActiveCfg = Debug|Any CPU
		{A013E53D-2904-4B2D-8530-3D772C6827DF}.Debug|Any CPU.Build.0 = Debug|Any CPU
		{A013E53D-2904-4B2D-8530-3D772C6827DF}.Release|Any CPU.ActiveCfg = Release|Any CPU
		{A013E53D-2904-4B2D-8530-3D772C6827DF}.Release|Any CPU.Build.0 = Release|Any CPU
	EndGlobalSection
	GlobalSection(SolutionProperties) = preSolution
		HideSolutionNode = FALSE
	EndGlobalSection
	GlobalSection(ExtensibilityGlobals) = postSolution
		SolutionGuid = {D5920938-CE4E-4C4B-A03A-93DA29B8415D}
	EndGlobalSection
EndGlobal
